{
    "_readme": [
        "This file locks the dependencies of your project to a known state",
        "Read more about it at https://getcomposer.org/doc/01-basic-usage.md#composer-lock-the-lock-file",
        "This file is @generated automatically"
    ],
    "hash": "cb368313698b48194876101a0ca49636",
    "content-hash": "67c523dac346d85b6bad791b7223d054",
    "packages": [
        {
            "name": "container-interop/container-interop",
            "version": "1.2.0",
            "source": {
                "type": "git",
                "url": "https://github.com/container-interop/container-interop.git",
                "reference": "79cbf1341c22ec75643d841642dd5d6acd83bdb8"
            },
            "dist": {
                "type": "zip",
                "url": "https://api.github.com/repos/container-interop/container-interop/zipball/79cbf1341c22ec75643d841642dd5d6acd83bdb8",
                "reference": "79cbf1341c22ec75643d841642dd5d6acd83bdb8",
                "shasum": ""
            },
            "require": {
                "psr/container": "^1.0"
            },
            "type": "library",
            "autoload": {
                "psr-4": {
                    "Interop\\Container\\": "src/Interop/Container/"
                }
            },
            "notification-url": "https://packagist.org/downloads/",
            "license": [
                "MIT"
            ],
            "description": "Promoting the interoperability of container objects (DIC, SL, etc.)",
            "homepage": "https://github.com/container-interop/container-interop",
            "time": "2017-02-14 19:40:03"
        },
        {
            "name": "google/recaptcha",
            "version": "1.2.1",
            "source": {
                "type": "git",
                "url": "https://github.com/google/recaptcha.git",
                "reference": "e7add3be59211482ecdb942288f52da64a35f61a"
            },
            "dist": {
                "type": "zip",
                "url": "https://api.github.com/repos/google/recaptcha/zipball/e7add3be59211482ecdb942288f52da64a35f61a",
                "reference": "e7add3be59211482ecdb942288f52da64a35f61a",
                "shasum": ""
            },
            "require": {
                "php": ">=5.5"
            },
            "require-dev": {
                "friendsofphp/php-cs-fixer": "^2.2.20|^2.12",
                "php-coveralls/php-coveralls": "^2.1",
                "phpunit/phpunit": "^4.8.36|^5.7.27|^6.59|^7"
            },
            "type": "library",
            "extra": {
                "branch-alias": {
                    "dev-master": "1.2.x-dev"
                }
            },
            "autoload": {
                "psr-4": {
                    "ReCaptcha\\": "src/ReCaptcha"
                }
            },
            "notification-url": "https://packagist.org/downloads/",
            "license": [
                "BSD-3-Clause"
            ],
            "description": "Client library for reCAPTCHA, a free service that protects websites from spam and abuse.",
            "homepage": "https://www.google.com/recaptcha/",
            "keywords": [
                "Abuse",
                "captcha",
                "recaptcha",
                "spam"
            ],
            "time": "2018-08-05 09:31:53"
        },
        {
            "name": "jalle19/php-yui-compressor",
            "version": "1.0.1",
            "source": {
                "type": "git",
                "url": "https://github.com/Jalle19/php-yui-compressor.git",
                "reference": "eb88c4f7fd8d7c8bd15a1970611d67cca11f71a0"
            },
            "dist": {
                "type": "zip",
                "url": "https://api.github.com/repos/Jalle19/php-yui-compressor/zipball/eb88c4f7fd8d7c8bd15a1970611d67cca11f71a0",
                "reference": "eb88c4f7fd8d7c8bd15a1970611d67cca11f71a0",
                "shasum": ""
            },
            "require": {
                "nervo/yuicompressor": "2.4.*",
                "php": ">=5.3.0"
            },
            "type": "library",
            "autoload": {
                "psr-0": {
                    "YUI": "lib/"
                }
            },
            "notification-url": "https://packagist.org/downloads/",
            "license": [
                "BSD-2-Clause"
            ],
            "description": "A modern PHP wrapper for the YUI compressor",
            "homepage": "https://github.com/Jalle19/php-yui-compressor",
            "keywords": [
                "JS",
                "css",
                "minify",
                "yui"
            ],
            "time": "2014-06-03 12:02:11"
        },
        {
            "name": "kint-php/kint",
            "version": "3.1",
            "source": {
                "type": "git",
                "url": "https://github.com/kint-php/kint.git",
                "reference": "3228e1162ed4dfdfbaffa8d81e30d38ffdb66054"
            },
            "dist": {
                "type": "zip",
                "url": "https://api.github.com/repos/kint-php/kint/zipball/3228e1162ed4dfdfbaffa8d81e30d38ffdb66054",
                "reference": "3228e1162ed4dfdfbaffa8d81e30d38ffdb66054",
                "shasum": ""
            },
            "require": {
                "php": ">=5.3.6"
            },
            "require-dev": {
                "friendsofphp/php-cs-fixer": "^2.0",
                "phpunit/phpunit": "^4.0",
                "seld/phar-utils": "^1.0",
                "symfony/finder": "^2.0 || ^3.0 || ^4.0",
                "vimeo/psalm": "^2.0"
            },
            "suggest": {
                "ext-ctype": "Simple data type tests",
                "ext-iconv": "Provides fallback detection for ambiguous legacy string encodings such as the Windows and ISO 8859 code pages",
                "ext-mbstring": "Provides string encoding detection",
                "kint-php/kint-js": "Provides a simplified dump to console.log()",
                "kint-php/kint-twig": "Provides d() and s() functions in twig templates",
                "symfony/polyfill-ctype": "Replacement for ext-ctype if missing",
                "symfony/polyfill-iconv": "Replacement for ext-iconv if missing",
                "symfony/polyfill-mbstring": "Replacement for ext-mbstring if missing"
            },
            "type": "library",
            "autoload": {
                "files": [
                    "init.php"
                ],
                "psr-4": {
                    "Kint\\": "src/"
                }
            },
            "notification-url": "https://packagist.org/downloads/",
            "license": [
                "MIT"
            ],
            "authors": [
                {
                    "name": "Rokas Šleinius",
                    "homepage": "https://github.com/raveren"
                },
                {
                    "name": "Jonathan Vollebregt",
                    "homepage": "https://github.com/jnvsor"
                },
                {
                    "name": "Contributors",
                    "homepage": "https://github.com/kint-php/kint/graphs/contributors"
                }
            ],
            "description": "Kint - debugging tool for PHP developers",
            "homepage": "https://kint-php.github.io/kint/",
            "keywords": [
                "debug",
                "kint",
                "php"
            ],
            "time": "2018-11-30 09:54:22"
        },
        {
            "name": "linkorb/jsmin-php",
            "version": "1.0.0",
            "source": {
                "type": "git",
                "url": "https://github.com/linkorb/jsmin-php.git",
                "reference": "be85d87fc9c27730e7e9ced742b13010dafc1026"
            },
            "dist": {
                "type": "zip",
                "url": "https://api.github.com/repos/linkorb/jsmin-php/zipball/be85d87fc9c27730e7e9ced742b13010dafc1026",
                "reference": "be85d87fc9c27730e7e9ced742b13010dafc1026",
                "shasum": ""
            },
            "require": {
                "php": ">=5.0.0"
            },
            "type": "library",
            "autoload": {
                "classmap": [
                    "src/"
                ]
            },
            "notification-url": "https://packagist.org/downloads/",
            "license": [
                "MIT"
            ],
            "authors": [
                {
                    "name": "Joost Faassen",
                    "email": "j.faassen@linkorb.com",
                    "role": "Packaging for Composer"
                },
                {
                    "name": "Ryan Grove",
                    "email": "ryan@wonko.com",
                    "role": "PHP port"
                },
                {
                    "name": "Adam Gofort",
                    "email": "aag@adamgoforth.com",
                    "role": "Updates to the PHP port"
                },
                {
                    "name": "Douglas Crockford",
                    "email": "douglas@crockford.com"
                }
            ],
            "description": "Unofficial package of jsmin-php",
            "homepage": "http://www.github.com/linkorb/jsmin-php",
            "keywords": [
                "javascript",
                "jsmin",
                "minify"
            ],
            "time": "2013-03-15 13:16:35"
        },
        {
            "name": "matthiasmullie/minify",
            "version": "1.3.61",
            "source": {
                "type": "git",
                "url": "https://github.com/matthiasmullie/minify.git",
                "reference": "d5acb8ce5b6acb7d11bafe97cecc533f6e4fd751"
            },
            "dist": {
                "type": "zip",
                "url": "https://api.github.com/repos/matthiasmullie/minify/zipball/d5acb8ce5b6acb7d11bafe97cecc533f6e4fd751",
                "reference": "d5acb8ce5b6acb7d11bafe97cecc533f6e4fd751",
                "shasum": ""
            },
            "require": {
                "ext-pcre": "*",
                "matthiasmullie/path-converter": "~1.1",
                "php": ">=5.3.0"
            },
            "require-dev": {
                "friendsofphp/php-cs-fixer": "~2.0",
                "matthiasmullie/scrapbook": "~1.0",
                "phpunit/phpunit": "~4.8"
            },
            "suggest": {
                "psr/cache-implementation": "Cache implementation to use with Minify::cache"
            },
            "bin": [
                "bin/minifycss",
                "bin/minifyjs"
            ],
            "type": "library",
            "autoload": {
                "psr-4": {
                    "MatthiasMullie\\Minify\\": "src/"
                }
            },
            "notification-url": "https://packagist.org/downloads/",
            "license": [
                "MIT"
            ],
            "authors": [
                {
                    "name": "Matthias Mullie",
                    "email": "minify@mullie.eu",
                    "homepage": "http://www.mullie.eu",
                    "role": "Developer"
                }
            ],
            "description": "CSS & JavaScript minifier, in PHP. Removes whitespace, strips comments, combines files (incl. @import statements and small assets in CSS files), and optimizes/shortens a few common programming patterns.",
            "homepage": "http://www.minifier.org",
            "keywords": [
                "JS",
                "css",
                "javascript",
                "minifier",
                "minify"
            ],
            "time": "2018-11-26 23:10:39"
        },
        {
            "name": "matthiasmullie/path-converter",
            "version": "1.1.2",
            "source": {
                "type": "git",
                "url": "https://github.com/matthiasmullie/path-converter.git",
                "reference": "5e4b121c8b9f97c80835c1d878b0812ba1d607c9"
            },
            "dist": {
                "type": "zip",
                "url": "https://api.github.com/repos/matthiasmullie/path-converter/zipball/5e4b121c8b9f97c80835c1d878b0812ba1d607c9",
                "reference": "5e4b121c8b9f97c80835c1d878b0812ba1d607c9",
                "shasum": ""
            },
            "require": {
                "ext-pcre": "*",
                "php": ">=5.3.0"
            },
            "require-dev": {
                "phpunit/phpunit": "~4.8"
            },
            "type": "library",
            "autoload": {
                "psr-4": {
                    "MatthiasMullie\\PathConverter\\": "src/"
                }
            },
            "notification-url": "https://packagist.org/downloads/",
            "license": [
                "MIT"
            ],
            "authors": [
                {
                    "name": "Matthias Mullie",
                    "email": "pathconverter@mullie.eu",
                    "homepage": "http://www.mullie.eu",
                    "role": "Developer"
                }
            ],
            "description": "Relative path converter",
            "homepage": "http://github.com/matthiasmullie/path-converter",
            "keywords": [
                "converter",
                "path",
                "paths",
                "relative"
            ],
            "time": "2018-10-25 15:19:41"
        },
        {
            "name": "meenie/javascript-packer",
            "version": "1.1",
            "source": {
                "type": "git",
                "url": "https://github.com/meenie/javascript-packer.git",
                "reference": "dcab0159ae1ed9d7535c034fb8afe1e4c3495d22"
            },
            "dist": {
                "type": "zip",
                "url": "https://api.github.com/repos/meenie/javascript-packer/zipball/dcab0159ae1ed9d7535c034fb8afe1e4c3495d22",
                "reference": "dcab0159ae1ed9d7535c034fb8afe1e4c3495d22",
                "shasum": ""
            },
            "type": "library",
            "autoload": {
                "files": [
                    "class.JavaScriptPacker.php"
                ]
            },
            "notification-url": "https://packagist.org/downloads/",
            "license": [
                "LGPL 2.1"
            ],
            "authors": [
                {
                    "name": "Nicolas Martin",
                    "role": "Developer"
                }
            ],
            "description": "Composer hosted mirror of the PHP Version of Dean Edwards' JavaScript Packer",
            "homepage": "http://joliclic.free.fr/php/javascript-packer/en/",
            "keywords": [
                "javascript packer"
            ],
            "time": "2013-03-25 21:54:33"
        },
        {
            "name": "monolog/monolog",
            "version": "1.24.0",
            "source": {
                "type": "git",
                "url": "https://github.com/Seldaek/monolog.git",
                "reference": "bfc9ebb28f97e7a24c45bdc3f0ff482e47bb0266"
            },
            "dist": {
                "type": "zip",
                "url": "https://api.github.com/repos/Seldaek/monolog/zipball/bfc9ebb28f97e7a24c45bdc3f0ff482e47bb0266",
                "reference": "bfc9ebb28f97e7a24c45bdc3f0ff482e47bb0266",
                "shasum": ""
            },
            "require": {
                "php": ">=5.3.0",
                "psr/log": "~1.0"
            },
            "provide": {
                "psr/log-implementation": "1.0.0"
            },
            "require-dev": {
                "aws/aws-sdk-php": "^2.4.9 || ^3.0",
                "doctrine/couchdb": "~1.0@dev",
                "graylog2/gelf-php": "~1.0",
                "jakub-onderka/php-parallel-lint": "0.9",
                "php-amqplib/php-amqplib": "~2.4",
                "php-console/php-console": "^3.1.3",
                "phpunit/phpunit": "~4.5",
                "phpunit/phpunit-mock-objects": "2.3.0",
                "ruflin/elastica": ">=0.90 <3.0",
                "sentry/sentry": "^0.13",
                "swiftmailer/swiftmailer": "^5.3|^6.0"
            },
            "suggest": {
                "aws/aws-sdk-php": "Allow sending log messages to AWS services like DynamoDB",
                "doctrine/couchdb": "Allow sending log messages to a CouchDB server",
                "ext-amqp": "Allow sending log messages to an AMQP server (1.0+ required)",
                "ext-mongo": "Allow sending log messages to a MongoDB server",
                "graylog2/gelf-php": "Allow sending log messages to a GrayLog2 server",
                "mongodb/mongodb": "Allow sending log messages to a MongoDB server via PHP Driver",
                "php-amqplib/php-amqplib": "Allow sending log messages to an AMQP server using php-amqplib",
                "php-console/php-console": "Allow sending log messages to Google Chrome",
                "rollbar/rollbar": "Allow sending log messages to Rollbar",
                "ruflin/elastica": "Allow sending log messages to an Elastic Search server",
                "sentry/sentry": "Allow sending log messages to a Sentry server"
            },
            "type": "library",
            "extra": {
                "branch-alias": {
                    "dev-master": "2.0.x-dev"
                }
            },
            "autoload": {
                "psr-4": {
                    "Monolog\\": "src/Monolog"
                }
            },
            "notification-url": "https://packagist.org/downloads/",
            "license": [
                "MIT"
            ],
            "authors": [
                {
                    "name": "Jordi Boggiano",
                    "email": "j.boggiano@seld.be",
                    "homepage": "http://seld.be"
                }
            ],
            "description": "Sends your logs to files, sockets, inboxes, databases and various web services",
            "homepage": "http://github.com/Seldaek/monolog",
            "keywords": [
                "log",
                "logging",
                "psr-3"
            ],
            "time": "2018-11-05 09:00:11"
        },
        {
            "name": "natxet/CssMin",
            "version": "v3.0.6",
            "source": {
                "type": "git",
                "url": "https://github.com/natxet/CssMin.git",
                "reference": "d5d9f4c3e5cedb1ae96a95a21731f8790e38f1dd"
            },
            "dist": {
                "type": "zip",
                "url": "https://api.github.com/repos/natxet/CssMin/zipball/d5d9f4c3e5cedb1ae96a95a21731f8790e38f1dd",
                "reference": "d5d9f4c3e5cedb1ae96a95a21731f8790e38f1dd",
                "shasum": ""
            },
            "require": {
                "php": ">=5.0"
            },
            "type": "library",
            "extra": {
                "branch-alias": {
                    "dev-master": "3.0-dev"
                }
            },
            "autoload": {
                "classmap": [
                    "src/"
                ]
            },
            "notification-url": "https://packagist.org/downloads/",
            "license": [
                "MIT"
            ],
            "authors": [
                {
                    "name": "Joe Scylla",
                    "email": "joe.scylla@gmail.com",
                    "homepage": "https://profiles.google.com/joe.scylla"
                }
            ],
            "description": "Minifying CSS",
            "homepage": "http://code.google.com/p/cssmin/",
            "keywords": [
                "css",
                "minify"
            ],
            "time": "2018-01-09 11:15:01"
        },
        {
            "name": "nervo/yuicompressor",
            "version": "2.4.8",
            "source": {
                "type": "git",
                "url": "https://github.com/nervo/yuicompressor.git",
                "reference": "e6e3b215c3998cf6092613c002ae533ae75d7ada"
            },
            "dist": {
                "type": "zip",
                "url": "https://api.github.com/repos/nervo/yuicompressor/zipball/e6e3b215c3998cf6092613c002ae533ae75d7ada",
                "reference": "e6e3b215c3998cf6092613c002ae533ae75d7ada",
                "shasum": ""
            },
            "type": "library",
            "notification-url": "https://packagist.org/downloads/",
            "license": [
                "BSD"
            ],
            "description": "YUI Compressor is an open source tool that supports the compression of both JavaScript and CSS files. The JavaScript compression removes comments and white-spaces as well as obfuscates local variables using the smallest possible variable name. CSS compression is done using a regular-expression-based CSS minifier.",
            "homepage": "https://github.com/yui/yuicompressor",
            "keywords": [
                "java",
                "yui"
            ],
            "time": "2013-09-13 10:26:14"
        },
        {
            "name": "nette/utils",
            "version": "v2.5.3",
            "source": {
                "type": "git",
                "url": "https://github.com/nette/utils.git",
                "reference": "17b9f76f2abd0c943adfb556e56f2165460b15ce"
            },
            "dist": {
                "type": "zip",
                "url": "https://api.github.com/repos/nette/utils/zipball/17b9f76f2abd0c943adfb556e56f2165460b15ce",
                "reference": "17b9f76f2abd0c943adfb556e56f2165460b15ce",
                "shasum": ""
            },
            "require": {
                "php": ">=5.6.0"
            },
            "conflict": {
                "nette/nette": "<2.2"
            },
            "require-dev": {
                "nette/tester": "~2.0",
                "tracy/tracy": "^2.3"
            },
            "suggest": {
                "ext-gd": "to use Image",
                "ext-iconv": "to use Strings::webalize() and toAscii()",
                "ext-intl": "for script transliteration in Strings::webalize() and toAscii()",
                "ext-json": "to use Nette\\Utils\\Json",
                "ext-mbstring": "to use Strings::lower() etc...",
                "ext-xml": "to use Strings::length() etc. when mbstring is not available"
            },
            "type": "library",
            "extra": {
                "branch-alias": {
                    "dev-master": "2.5-dev"
                }
            },
            "autoload": {
                "classmap": [
                    "src/"
                ],
                "files": [
                    "src/loader.php"
                ]
            },
            "notification-url": "https://packagist.org/downloads/",
            "license": [
                "BSD-3-Clause",
                "GPL-2.0",
                "GPL-3.0"
            ],
            "authors": [
                {
                    "name": "David Grudl",
                    "homepage": "https://davidgrudl.com"
                },
                {
                    "name": "Nette Community",
                    "homepage": "https://nette.org/contributors"
                }
            ],
            "description": "🛠 Nette Utils: lightweight utilities for string & array manipulation, image handling, safe JSON encoding/decoding, validation, slug or strong password generating etc.",
            "homepage": "https://nette.org",
            "keywords": [
                "array",
                "core",
                "datetime",
                "images",
                "json",
                "nette",
                "paginator",
                "password",
                "slugify",
                "string",
                "unicode",
                "utf-8",
                "utility",
                "validation"
            ],
            "time": "2018-09-18 10:22:16"
        },
        {
            "name": "oscarotero/env",
            "version": "v1.1.0",
            "source": {
                "type": "git",
                "url": "https://github.com/oscarotero/env.git",
                "reference": "0f676e41d758fa984806c32e27f0cf7afa63d8db"
            },
            "dist": {
                "type": "zip",
                "url": "https://api.github.com/repos/oscarotero/env/zipball/0f676e41d758fa984806c32e27f0cf7afa63d8db",
                "reference": "0f676e41d758fa984806c32e27f0cf7afa63d8db",
                "shasum": ""
            },
            "require": {
                "php": ">=5.2"
            },
            "type": "library",
            "autoload": {
                "psr-0": {
                    "Env": "src/"
                }
            },
            "notification-url": "https://packagist.org/downloads/",
            "license": [
                "MIT"
            ],
            "authors": [
                {
                    "name": "Oscar Otero",
                    "email": "oom@oscarotero.com",
                    "homepage": "http://oscarotero.com",
                    "role": "Developer"
                }
            ],
            "description": "Simple library to consume environment variables",
            "homepage": "https://github.com/oscarotero/env",
            "keywords": [
                "env"
            ],
            "time": "2017-07-17 20:41:59"
        },
        {
            "name": "patchwork/jsqueeze",
            "version": "v2.0.5",
            "source": {
                "type": "git",
                "url": "https://github.com/tchwork/jsqueeze.git",
                "reference": "693d64850eab2ce6a7c8f7cf547e1ab46e69d542"
            },
            "dist": {
                "type": "zip",
                "url": "https://api.github.com/repos/tchwork/jsqueeze/zipball/693d64850eab2ce6a7c8f7cf547e1ab46e69d542",
                "reference": "693d64850eab2ce6a7c8f7cf547e1ab46e69d542",
                "shasum": ""
            },
            "require": {
                "php": ">=5.3.0"
            },
            "type": "library",
            "extra": {
                "branch-alias": {
                    "dev-master": "2.0-dev"
                }
            },
            "autoload": {
                "psr-4": {
                    "Patchwork\\": "src/"
                }
            },
            "notification-url": "https://packagist.org/downloads/",
            "license": [
                "(Apache-2.0 or GPL-2.0)"
            ],
            "authors": [
                {
                    "name": "Nicolas Grekas",
                    "email": "p@tchwork.com"
                }
            ],
            "description": "Efficient JavaScript minification in PHP",
            "homepage": "https://github.com/tchwork/jsqueeze",
            "keywords": [
                "compression",
                "javascript",
                "minification"
            ],
            "time": "2016-04-19 09:28:22"
        },
        {
            "name": "pimple/pimple",
            "version": "v3.2.3",
            "source": {
                "type": "git",
                "url": "https://github.com/silexphp/Pimple.git",
                "reference": "9e403941ef9d65d20cba7d54e29fe906db42cf32"
            },
            "dist": {
                "type": "zip",
                "url": "https://api.github.com/repos/silexphp/Pimple/zipball/9e403941ef9d65d20cba7d54e29fe906db42cf32",
                "reference": "9e403941ef9d65d20cba7d54e29fe906db42cf32",
                "shasum": ""
            },
            "require": {
                "php": ">=5.3.0",
                "psr/container": "^1.0"
            },
            "require-dev": {
                "symfony/phpunit-bridge": "^3.2"
            },
            "type": "library",
            "extra": {
                "branch-alias": {
                    "dev-master": "3.2.x-dev"
                }
            },
            "autoload": {
                "psr-0": {
                    "Pimple": "src/"
                }
            },
            "notification-url": "https://packagist.org/downloads/",
            "license": [
                "MIT"
            ],
            "authors": [
                {
                    "name": "Fabien Potencier",
                    "email": "fabien@symfony.com"
                }
            ],
            "description": "Pimple, a simple Dependency Injection Container",
            "homepage": "http://pimple.sensiolabs.org",
            "keywords": [
                "container",
                "dependency injection"
            ],
            "time": "2018-01-21 07:42:36"
        },
        {
            "name": "psr/container",
            "version": "1.0.0",
            "source": {
                "type": "git",
                "url": "https://github.com/php-fig/container.git",
                "reference": "b7ce3b176482dbbc1245ebf52b181af44c2cf55f"
            },
            "dist": {
                "type": "zip",
                "url": "https://api.github.com/repos/php-fig/container/zipball/b7ce3b176482dbbc1245ebf52b181af44c2cf55f",
                "reference": "b7ce3b176482dbbc1245ebf52b181af44c2cf55f",
                "shasum": ""
            },
            "require": {
                "php": ">=5.3.0"
            },
            "type": "library",
            "extra": {
                "branch-alias": {
                    "dev-master": "1.0.x-dev"
                }
            },
            "autoload": {
                "psr-4": {
                    "Psr\\Container\\": "src/"
                }
            },
            "notification-url": "https://packagist.org/downloads/",
            "license": [
                "MIT"
            ],
            "authors": [
                {
                    "name": "PHP-FIG",
                    "homepage": "http://www.php-fig.org/"
                }
            ],
            "description": "Common Container Interface (PHP FIG PSR-11)",
            "homepage": "https://github.com/php-fig/container",
            "keywords": [
                "PSR-11",
                "container",
                "container-interface",
                "container-interop",
                "psr"
            ],
            "time": "2017-02-14 16:28:37"
        },
        {
            "name": "psr/log",
            "version": "1.1.0",
            "source": {
                "type": "git",
                "url": "https://github.com/php-fig/log.git",
                "reference": "6c001f1daafa3a3ac1d8ff69ee4db8e799a654dd"
            },
            "dist": {
                "type": "zip",
                "url": "https://api.github.com/repos/php-fig/log/zipball/6c001f1daafa3a3ac1d8ff69ee4db8e799a654dd",
                "reference": "6c001f1daafa3a3ac1d8ff69ee4db8e799a654dd",
                "shasum": ""
            },
            "require": {
                "php": ">=5.3.0"
            },
            "type": "library",
            "extra": {
                "branch-alias": {
                    "dev-master": "1.0.x-dev"
                }
            },
            "autoload": {
                "psr-4": {
                    "Psr\\Log\\": "Psr/Log/"
                }
            },
            "notification-url": "https://packagist.org/downloads/",
            "license": [
                "MIT"
            ],
            "authors": [
                {
                    "name": "PHP-FIG",
                    "homepage": "http://www.php-fig.org/"
                }
            ],
            "description": "Common interface for logging libraries",
            "homepage": "https://github.com/php-fig/log",
            "keywords": [
                "log",
                "psr",
                "psr-3"
            ],
            "time": "2018-11-20 15:27:04"
        },
        {
            "name": "tedivm/jshrink",
            "version": "v1.3.1",
            "source": {
                "type": "git",
                "url": "https://github.com/tedious/JShrink.git",
                "reference": "21254058dc3ce6aba6bef458cff4bfa25cf8b198"
            },
            "dist": {
                "type": "zip",
                "url": "https://api.github.com/repos/tedious/JShrink/zipball/21254058dc3ce6aba6bef458cff4bfa25cf8b198",
                "reference": "21254058dc3ce6aba6bef458cff4bfa25cf8b198",
                "shasum": ""
            },
            "require": {
                "php": "^5.6|^7.0"
            },
            "require-dev": {
                "friendsofphp/php-cs-fixer": "^2.8",
                "php-coveralls/php-coveralls": "^1.1.0",
                "phpunit/phpunit": "^6"
            },
            "type": "library",
            "autoload": {
                "psr-0": {
                    "JShrink": "src/"
                }
            },
            "notification-url": "https://packagist.org/downloads/",
            "license": [
                "BSD-3-Clause"
            ],
            "authors": [
                {
                    "name": "Robert Hafner",
                    "email": "tedivm@tedivm.com"
                }
            ],
            "description": "Javascript Minifier built in PHP",
            "homepage": "http://github.com/tedious/JShrink",
            "keywords": [
                "javascript",
                "minifier"
            ],
            "time": "2018-09-16 00:02:51"
        },
        {
            "name": "vlucas/phpdotenv",
            "version": "v2.5.2",
            "source": {
                "type": "git",
                "url": "https://github.com/vlucas/phpdotenv.git",
                "reference": "cfd5dc225767ca154853752abc93aeec040fcf36"
            },
            "dist": {
                "type": "zip",
                "url": "https://api.github.com/repos/vlucas/phpdotenv/zipball/cfd5dc225767ca154853752abc93aeec040fcf36",
                "reference": "cfd5dc225767ca154853752abc93aeec040fcf36",
                "shasum": ""
            },
            "require": {
                "php": ">=5.3.9"
            },
            "require-dev": {
                "phpunit/phpunit": "^4.8.35 || ^5.0"
            },
            "type": "library",
            "extra": {
                "branch-alias": {
                    "dev-master": "2.5-dev"
                }
            },
            "autoload": {
                "psr-4": {
                    "Dotenv\\": "src/"
                }
            },
            "notification-url": "https://packagist.org/downloads/",
            "license": [
                "BSD-3-Clause"
            ],
            "authors": [
                {
                    "name": "Vance Lucas",
                    "email": "vance@vancelucas.com",
                    "homepage": "http://www.vancelucas.com"
                }
            ],
            "description": "Loads environment variables from `.env` to `getenv()`, `$_ENV` and `$_SERVER` automagically.",
            "keywords": [
                "dotenv",
                "env",
                "environment"
            ],
            "time": "2018-10-30 17:29:25"
        },
        {
            "name": "websharks/css-minifier",
            "version": "150820",
            "source": {
                "type": "git",
                "url": "https://github.com/websharks/css-minifier.git",
                "reference": "da1d0254c41e1f59c7337aa444d743e6056046ff"
            },
            "dist": {
                "type": "zip",
                "url": "https://api.github.com/repos/websharks/css-minifier/zipball/da1d0254c41e1f59c7337aa444d743e6056046ff",
                "reference": "da1d0254c41e1f59c7337aa444d743e6056046ff",
                "shasum": ""
            },
            "require": {
                "ext-mbstring": "*",
                "php": ">=5.3"
            },
            "type": "library",
            "autoload": {
                "psr-4": {
                    "WebSharks\\CssMinifier\\": "src/includes/classes"
                }
            },
            "notification-url": "https://packagist.org/downloads/",
            "license": [
                "GPL-3.0+"
            ],
            "authors": [
                {
                    "name": "websharks",
                    "homepage": "http://websharks-inc.com/",
                    "role": "company"
                },
                {
                    "name": "jaswsinc",
                    "homepage": "http://jaswsinc.com/",
                    "role": "developer"
                },
                {
                    "name": "raamdev",
                    "homepage": "http://raam.org/",
                    "role": "developer"
                }
            ],
            "description": "Compresses CSS.",
            "homepage": "https://github.com/websharks/css-minifier",
            "keywords": [
                "compressor",
                "css",
                "websharks"
            ],
            "time": "2015-08-21 03:19:25"
        },
        {
            "name": "wyrihaximus/html-compress",
            "version": "1.4.0",
            "source": {
                "type": "git",
                "url": "https://github.com/WyriHaximus/HtmlCompress.git",
                "reference": "0c2207ceaa711b93e1d33551cbb7b1ba6cd1e975"
            },
            "dist": {
                "type": "zip",
                "url": "https://api.github.com/repos/WyriHaximus/HtmlCompress/zipball/0c2207ceaa711b93e1d33551cbb7b1ba6cd1e975",
                "reference": "0c2207ceaa711b93e1d33551cbb7b1ba6cd1e975",
                "shasum": ""
            },
            "require": {
                "jalle19/php-yui-compressor": "^1.0",
                "linkorb/jsmin-php": "1.0.0",
                "matthiasmullie/minify": "^1.3",
                "meenie/javascript-packer": "1.1",
                "natxet/cssmin": "^3.0",
                "patchwork/jsqueeze": "~1.0|~2.0",
                "php": "^7.0 || ^5.6",
                "tedivm/jshrink": "^1.3",
                "websharks/css-minifier": "150820"
            },
            "require-dev": {
                "phake/phake": "^1.0",
                "phpunit/phpunit": "^4.0",
                "squizlabs/php_codesniffer": "^1.0",
                "vectorface/dunit": "^2.0"
            },
            "type": "library",
            "autoload": {
                "psr-4": {
                    "WyriHaximus\\HtmlCompress\\": "src/"
                }
            },
            "notification-url": "https://packagist.org/downloads/",
            "license": [
                "MIT"
            ],
            "authors": [
                {
                    "name": "Cees-Jan Kiewiet",
                    "email": "ceesjank@gmail.com",
                    "homepage": "http://wyrihaximus.net/"
                }
            ],
            "description": "Compress/minify your HTML",
            "keywords": [
                "compress",
                "html"
            ],
            "time": "2018-01-03 21:15:44"
        }
    ],
    "packages-dev": [],
    "aliases": [],
    "minimum-stability": "stable",
    "stability-flags": [],
    "prefer-stable": false,
    "prefer-lowest": false,
    "platform": [],
    "platform-dev": []
}
